{
  "version": 4,
  "terraform_version": "0.12.26",
  "serial": 254,
  "lineage": "9b92e147-b049-f577-c980-b521d3be311a",
  "outputs": {
    "key": {
      "value": {
        "algorithm": "RSA",
        "ecdsa_curve": "P224",
        "id": "6d3ed5d877175802379a1ed60c740beefa4c1283",
        "private_key_pem": "-----BEGIN RSA PRIVATE KEY-----\nMIIEpAIBAAKCAQEAtkDROWKRL+wuxyCA1aywdsM+Y49QTaOuaVuQ8eGzX4Gp0RC+\nhjjxAmhkgK25xk0dtppTfrBQQPMOGtPC/Hoingz9oLrYnnzlcNGK10DD3eK5LGVA\n3K2yKY4Pye2Onjog7dZ3K+lq9OweXGNORGpw/W0mg3hNOuwKtEZpRZ1EdHD5Svyz\n0ebCkPJglDCYVUlX8hEBRWeewWzHG9J1PDR9raH/ZBKdn4tVBQersBe0KqcrjOt6\nMel2F525SzrsCZjzZrvOLKky81DLp75uqozPGW8nc+ZXTMhECKfxjLngkKfHv2x2\nEBcqd5xoErxnNi64KW3RrSHaatm6bIsQX2FT7QIDAQABAoIBAQCpeZCVOjEkTQ4a\noQDssU7OwTPsxMG50LFIy5r3Mhfogdx1yopAqgaDZKvAdMvBuMgem1d1AWM/YkUF\ncVFqEfDK4+2dXuI8TovU4yWmkFUSqdfjjqxICUUZGz9XWI48WHVydPIQZVfONRru\ncnG/cPNs1ejwbBf06LXzeV4/G8UiOLB9x+V6vUjd1xlNaW0puRK1/wbNj/lKLrJR\nuX7zQUBquX5PJNgARW2eIBk7npqlRh8rjVLt8ngptwdBREbRFfmlaSGRNlgPwuZV\nfovtKdM0IHlxXNuIb4+7ykF9MtAU0WkIDPRIZs+8ftwR0qsMqPk6VdKDvu6erEji\nvs70tNJJAoGBAOuN4ZOCBhBjyBdEkOZ9l5+lyz5pWL1L/AwG0IiC9KvAcXJpAYS7\n2VlJMeXSrDE8LAKQ8NwnDMRN6qj+GTGYw4X+sa9BsBZ8fuCBhO5lSA2oUBZGXkoe\nPJkI2/tjODO6z5LqPEFpd5govnmCn0DHl/0bvBiuf5qOCGvneMX7ptL7AoGBAMYS\nkE3YWOwQ4tgdzN3lE6MDO0f+nkxGHXqZbFnnzP/BpTm2Ivh9JDFezqSN70lqd1gP\nEscg5KZx93sZWw8uJfGQQQDSjxRsbGMJPGkPA1/IqmXy8EjGsN5pCHjBmtLadYYX\n+tAsJqyh9oU/hjTTkuq54rMMWwu5livAF8C1fgA3AoGBANnH47ctj823c1eP3Sg9\nFeJUtwSNAa6CghXcdxC/gtcIpdrRmsXNp7YVJj0F+o3KxCXbO9VPhU45e6uiwkhI\npP1N7ZnLcbJYiDWpie2fVm7KHsF5bdO5AO28cyaJJX0uSpvaVLtld10GzpQpYHPU\nFYG+Ern/G5sZlk+tQsxJToPhAoGAbSW5o0v+5EcB2fnB9NzRD1kuh6PFc16HzBFT\nZc+YZa897ylw5+F92j7WPFOCcsBad4oG3PhBR38x0wHL7feOLSlCyMM+2RBOQdzL\nD1GYmGWpkHho9JGY0Vartm9pc5uye2wnaCOMREET6aVxvRaBtRst02CRo0pneEBo\nVmcswc0CgYB0ZvagnIgK24viige8KzMo4RMTeuek9Sl5hTJtKfhTuc4QVuWLMGFl\ny6q14gS6rMtHtPmGSdI8vdPUSqEF97VRdKPyRhlN+gRthhRkp9GSQEZ4g/wgE9l0\ncIbvNa59yfd3j5e+oQ5OL3oZa58wkVD5cbsDM+RwpFSrbkJ8hgdXgw==\n-----END RSA PRIVATE KEY-----\n",
        "public_key_fingerprint_md5": "7a:e1:e2:1d:fd:e8:46:cd:ab:1b:19:ba:52:30:61:d4",
        "public_key_openssh": "ssh-rsa AAAAB3NzaC1yc2EAAAADAQABAAABAQC2QNE5YpEv7C7HIIDVrLB2wz5jj1BNo65pW5Dx4bNfganREL6GOPECaGSArbnGTR22mlN+sFBA8w4a08L8eiKeDP2gutiefOVw0YrXQMPd4rksZUDcrbIpjg/J7Y6eOiDt1ncr6Wr07B5cY05EanD9bSaDeE067Aq0RmlFnUR0cPlK/LPR5sKQ8mCUMJhVSVfyEQFFZ57BbMcb0nU8NH2tof9kEp2fi1UFB6uwF7QqpyuM63ox6XYXnblLOuwJmPNmu84sqTLzUMunvm6qjM8Zbydz5ldMyEQIp/GMueCQp8e/bHYQFyp3nGgSvGc2LrgpbdGtIdpq2bpsixBfYVPt\n",
        "public_key_pem": "-----BEGIN PUBLIC KEY-----\nMIIBIjANBgkqhkiG9w0BAQEFAAOCAQ8AMIIBCgKCAQEAtkDROWKRL+wuxyCA1ayw\ndsM+Y49QTaOuaVuQ8eGzX4Gp0RC+hjjxAmhkgK25xk0dtppTfrBQQPMOGtPC/Hoi\nngz9oLrYnnzlcNGK10DD3eK5LGVA3K2yKY4Pye2Onjog7dZ3K+lq9OweXGNORGpw\n/W0mg3hNOuwKtEZpRZ1EdHD5Svyz0ebCkPJglDCYVUlX8hEBRWeewWzHG9J1PDR9\nraH/ZBKdn4tVBQersBe0KqcrjOt6Mel2F525SzrsCZjzZrvOLKky81DLp75uqozP\nGW8nc+ZXTMhECKfxjLngkKfHv2x2EBcqd5xoErxnNi64KW3RrSHaatm6bIsQX2FT\n7QIDAQAB\n-----END PUBLIC KEY-----\n",
        "rsa_bits": 2048
      },
      "type": [
        "object",
        {
          "algorithm": "string",
          "ecdsa_curve": "string",
          "id": "string",
          "private_key_pem": "string",
          "public_key_fingerprint_md5": "string",
          "public_key_openssh": "string",
          "public_key_pem": "string",
          "rsa_bits": "number"
        }
      ]
    }
  },
  "resources": [
    {
      "mode": "managed",
      "type": "aws_instance",
      "name": "mysql",
      "provider": "provider.aws",
      "instances": [
        {
          "schema_version": 1,
          "attributes": {
            "ami": "ami-052c08d70def0ac62",
            "arn": "arn:aws:ec2:ap-south-1:229854522243:instance/i-0eb54c95cd926a499",
            "associate_public_ip_address": true,
            "availability_zone": "ap-south-1a",
            "cpu_core_count": 1,
            "cpu_threads_per_core": 1,
            "credit_specification": [
              {
                "cpu_credits": "standard"
              }
            ],
            "disable_api_termination": false,
            "ebs_block_device": [],
            "ebs_optimized": false,
            "ephemeral_block_device": [],
            "get_password_data": false,
            "hibernation": false,
            "host_id": null,
            "iam_instance_profile": "",
            "id": "i-0eb54c95cd926a499",
            "instance_initiated_shutdown_behavior": null,
            "instance_state": "running",
            "instance_type": "t2.micro",
            "ipv6_address_count": 0,
            "ipv6_addresses": [],
            "key_name": "",
            "metadata_options": [
              {
                "http_endpoint": "enabled",
                "http_put_response_hop_limit": 1,
                "http_tokens": "optional"
              }
            ],
            "monitoring": false,
            "network_interface": [],
            "network_interface_id": null,
            "outpost_arn": "",
            "password_data": "",
            "placement_group": "",
            "primary_network_interface_id": "eni-009c4c3aad8d9af78",
            "private_dns": "ip-10-0-1-136.ap-south-1.compute.internal",
            "private_ip": "10.0.1.136",
            "public_dns": "ec2-35-154-221-155.ap-south-1.compute.amazonaws.com",
            "public_ip": "35.154.221.155",
            "root_block_device": [
              {
                "delete_on_termination": true,
                "device_name": "/dev/sda1",
                "encrypted": false,
                "iops": 100,
                "kms_key_id": "",
                "volume_id": "vol-066eeabc191e489cb",
                "volume_size": 10,
                "volume_type": "gp2"
              }
            ],
            "security_groups": [
              "sg-08ab85811dae3db19"
            ],
            "source_dest_check": true,
            "subnet_id": "subnet-0455762146b7f045d",
            "tags": {
              "Name": "MySql"
            },
            "tenancy": "default",
            "timeouts": null,
            "user_data": null,
            "user_data_base64": null,
            "volume_tags": {},
            "vpc_security_group_ids": [
              "sg-08ab85811dae3db19"
            ]
          },
          "private": "eyJlMmJmYjczMC1lY2FhLTExZTYtOGY4OC0zNDM2M2JjN2M0YzAiOnsiY3JlYXRlIjo2MDAwMDAwMDAwMDAsImRlbGV0ZSI6MTIwMDAwMDAwMDAwMCwidXBkYXRlIjo2MDAwMDAwMDAwMDB9LCJzY2hlbWFfdmVyc2lvbiI6IjEifQ==",
          "dependencies": [
            "aws_security_group.mysql_security",
            "aws_subnet.alphanet",
            "aws_vpc.myvpc"
          ]
        }
      ]
    },
    {
      "mode": "managed",
      "type": "aws_instance",
      "name": "website",
      "provider": "provider.aws",
      "instances": [
        {
          "schema_version": 1,
          "attributes": {
            "ami": "ami-000cbce3e1b899ebd",
            "arn": "arn:aws:ec2:ap-south-1:229854522243:instance/i-03d6caf16f79bf252",
            "associate_public_ip_address": true,
            "availability_zone": "ap-south-1a",
            "cpu_core_count": 1,
            "cpu_threads_per_core": 1,
            "credit_specification": [
              {
                "cpu_credits": "standard"
              }
            ],
            "disable_api_termination": false,
            "ebs_block_device": [],
            "ebs_optimized": false,
            "ephemeral_block_device": [],
            "get_password_data": false,
            "hibernation": false,
            "host_id": null,
            "iam_instance_profile": "",
            "id": "i-03d6caf16f79bf252",
            "instance_initiated_shutdown_behavior": null,
            "instance_state": "running",
            "instance_type": "t2.micro",
            "ipv6_address_count": 0,
            "ipv6_addresses": [],
            "key_name": "task3key",
            "metadata_options": [
              {
                "http_endpoint": "enabled",
                "http_put_response_hop_limit": 1,
                "http_tokens": "optional"
              }
            ],
            "monitoring": false,
            "network_interface": [],
            "network_interface_id": null,
            "outpost_arn": "",
            "password_data": "",
            "placement_group": "",
            "primary_network_interface_id": "eni-0e220005c250fa2ac",
            "private_dns": "ip-10-0-1-201.ap-south-1.compute.internal",
            "private_ip": "10.0.1.201",
            "public_dns": "ec2-13-232-240-64.ap-south-1.compute.amazonaws.com",
            "public_ip": "13.232.240.64",
            "root_block_device": [
              {
                "delete_on_termination": true,
                "device_name": "/dev/xvda",
                "encrypted": false,
                "iops": 100,
                "kms_key_id": "",
                "volume_id": "vol-049bca403f8143d0a",
                "volume_size": 10,
                "volume_type": "gp2"
              }
            ],
            "security_groups": [
              "sg-0f601566617a80f6a"
            ],
            "source_dest_check": true,
            "subnet_id": "subnet-0455762146b7f045d",
            "tags": {
              "Name": "MyWebsite"
            },
            "tenancy": "default",
            "timeouts": null,
            "user_data": null,
            "user_data_base64": null,
            "volume_tags": {},
            "vpc_security_group_ids": [
              "sg-0f601566617a80f6a"
            ]
          },
          "private": "eyJlMmJmYjczMC1lY2FhLTExZTYtOGY4OC0zNDM2M2JjN2M0YzAiOnsiY3JlYXRlIjo2MDAwMDAwMDAwMDAsImRlbGV0ZSI6MTIwMDAwMDAwMDAwMCwidXBkYXRlIjo2MDAwMDAwMDAwMDB9LCJzY2hlbWFfdmVyc2lvbiI6IjEifQ==",
          "dependencies": [
            "aws_key_pair.my_key",
            "aws_security_group.wordpress_security",
            "aws_subnet.alphanet",
            "aws_vpc.myvpc",
            "tls_private_key.my_key"
          ]
        }
      ]
    },
    {
      "mode": "managed",
      "type": "aws_internet_gateway",
      "name": "public_gateway",
      "provider": "provider.aws",
      "instances": [
        {
          "schema_version": 0,
          "attributes": {
            "arn": "arn:aws:ec2:ap-south-1:229854522243:internet-gateway/igw-0b30790716ae69e71",
            "id": "igw-0b30790716ae69e71",
            "owner_id": "229854522243",
            "tags": {
              "Name": "mygateway1"
            },
            "vpc_id": "vpc-0b6ad4a0e0e0a1d17"
          },
          "private": "bnVsbA==",
          "dependencies": [
            "aws_vpc.myvpc"
          ]
        }
      ]
    },
    {
      "mode": "managed",
      "type": "aws_key_pair",
      "name": "my_key",
      "provider": "provider.aws",
      "instances": [
        {
          "schema_version": 1,
          "attributes": {
            "arn": "arn:aws:ec2:ap-south-1:229854522243:key-pair/task3key",
            "fingerprint": "6b:b8:4b:21:12:94:db:e9:a4:73:9a:41:6d:33:12:6b",
            "id": "task3key",
            "key_name": "task3key",
            "key_name_prefix": null,
            "key_pair_id": "key-097cb708147e8801c",
            "public_key": "ssh-rsa AAAAB3NzaC1yc2EAAAADAQABAAABAQC2QNE5YpEv7C7HIIDVrLB2wz5jj1BNo65pW5Dx4bNfganREL6GOPECaGSArbnGTR22mlN+sFBA8w4a08L8eiKeDP2gutiefOVw0YrXQMPd4rksZUDcrbIpjg/J7Y6eOiDt1ncr6Wr07B5cY05EanD9bSaDeE067Aq0RmlFnUR0cPlK/LPR5sKQ8mCUMJhVSVfyEQFFZ57BbMcb0nU8NH2tof9kEp2fi1UFB6uwF7QqpyuM63ox6XYXnblLOuwJmPNmu84sqTLzUMunvm6qjM8Zbydz5ldMyEQIp/GMueCQp8e/bHYQFyp3nGgSvGc2LrgpbdGtIdpq2bpsixBfYVPt",
            "tags": null
          },
          "private": "eyJzY2hlbWFfdmVyc2lvbiI6IjEifQ==",
          "dependencies": [
            "tls_private_key.my_key"
          ]
        }
      ]
    },
    {
      "mode": "managed",
      "type": "aws_route_table",
      "name": "routetable",
      "provider": "provider.aws",
      "instances": [
        {
          "schema_version": 0,
          "attributes": {
            "id": "rtb-038e02a6417027b5f",
            "owner_id": "229854522243",
            "propagating_vgws": [],
            "route": [
              {
                "cidr_block": "0.0.0.0/0",
                "egress_only_gateway_id": "",
                "gateway_id": "igw-0b30790716ae69e71",
                "instance_id": "",
                "ipv6_cidr_block": "",
                "nat_gateway_id": "",
                "network_interface_id": "",
                "transit_gateway_id": "",
                "vpc_peering_connection_id": ""
              }
            ],
            "tags": {
              "Name": "myroutingtale1"
            },
            "vpc_id": "vpc-0b6ad4a0e0e0a1d17"
          },
          "private": "bnVsbA==",
          "dependencies": [
            "aws_internet_gateway.public_gateway",
            "aws_vpc.myvpc"
          ]
        }
      ]
    },
    {
      "mode": "managed",
      "type": "aws_route_table_association",
      "name": "associate",
      "provider": "provider.aws",
      "instances": [
        {
          "schema_version": 0,
          "attributes": {
            "gateway_id": null,
            "id": "rtbassoc-00fa255f3677db329",
            "route_table_id": "rtb-038e02a6417027b5f",
            "subnet_id": "subnet-0455762146b7f045d"
          },
          "private": "bnVsbA==",
          "dependencies": [
            "aws_internet_gateway.public_gateway",
            "aws_route_table.routetable",
            "aws_subnet.alphanet",
            "aws_vpc.myvpc"
          ]
        }
      ]
    },
    {
      "mode": "managed",
      "type": "aws_security_group",
      "name": "mysql_security",
      "provider": "provider.aws",
      "instances": [
        {
          "schema_version": 1,
          "attributes": {
            "arn": "arn:aws:ec2:ap-south-1:229854522243:security-group/sg-08ab85811dae3db19",
            "description": "MySql security group is in private subnet",
            "egress": [
              {
                "cidr_blocks": [
                  "0.0.0.0/0"
                ],
                "description": "",
                "from_port": 0,
                "ipv6_cidr_blocks": [],
                "prefix_list_ids": [],
                "protocol": "-1",
                "security_groups": [],
                "self": false,
                "to_port": 0
              }
            ],
            "id": "sg-08ab85811dae3db19",
            "ingress": [
              {
                "cidr_blocks": [
                  "0.0.0.0/0"
                ],
                "description": "",
                "from_port": 22,
                "ipv6_cidr_blocks": [],
                "prefix_list_ids": [],
                "protocol": "tcp",
                "security_groups": [],
                "self": false,
                "to_port": 22
              },
              {
                "cidr_blocks": [
                  "0.0.0.0/0"
                ],
                "description": "",
                "from_port": 3306,
                "ipv6_cidr_blocks": [],
                "prefix_list_ids": [],
                "protocol": "tcp",
                "security_groups": [],
                "self": false,
                "to_port": 3306
              },
              {
                "cidr_blocks": [
                  "0.0.0.0/0"
                ],
                "description": "HTTPS",
                "from_port": 443,
                "ipv6_cidr_blocks": [],
                "prefix_list_ids": [],
                "protocol": "tcp",
                "security_groups": [],
                "self": false,
                "to_port": 443
              }
            ],
            "name": "mysql_security",
            "name_prefix": null,
            "owner_id": "229854522243",
            "revoke_rules_on_delete": false,
            "tags": {
              "Name": "mysql"
            },
            "timeouts": null,
            "vpc_id": "vpc-0b6ad4a0e0e0a1d17"
          },
          "private": "eyJlMmJmYjczMC1lY2FhLTExZTYtOGY4OC0zNDM2M2JjN2M0YzAiOnsiY3JlYXRlIjo2MDAwMDAwMDAwMDAsImRlbGV0ZSI6NjAwMDAwMDAwMDAwfSwic2NoZW1hX3ZlcnNpb24iOiIxIn0=",
          "dependencies": [
            "aws_vpc.myvpc"
          ]
        }
      ]
    },
    {
      "mode": "managed",
      "type": "aws_security_group",
      "name": "wordpress_security",
      "provider": "provider.aws",
      "instances": [
        {
          "schema_version": 1,
          "attributes": {
            "arn": "arn:aws:ec2:ap-south-1:229854522243:security-group/sg-0f601566617a80f6a",
            "description": "Web-server httpd port is allowed to connect",
            "egress": [
              {
                "cidr_blocks": [
                  "0.0.0.0/0"
                ],
                "description": "",
                "from_port": 0,
                "ipv6_cidr_blocks": [],
                "prefix_list_ids": [],
                "protocol": "-1",
                "security_groups": [],
                "self": false,
                "to_port": 0
              }
            ],
            "id": "sg-0f601566617a80f6a",
            "ingress": [
              {
                "cidr_blocks": [
                  "0.0.0.0/0"
                ],
                "description": "",
                "from_port": 22,
                "ipv6_cidr_blocks": [],
                "prefix_list_ids": [],
                "protocol": "tcp",
                "security_groups": [],
                "self": false,
                "to_port": 22
              },
              {
                "cidr_blocks": [
                  "0.0.0.0/0"
                ],
                "description": "",
                "from_port": 80,
                "ipv6_cidr_blocks": [],
                "prefix_list_ids": [],
                "protocol": "tcp",
                "security_groups": [],
                "self": false,
                "to_port": 80
              },
              {
                "cidr_blocks": [
                  "0.0.0.0/0"
                ],
                "description": "HTTPS",
                "from_port": 443,
                "ipv6_cidr_blocks": [],
                "prefix_list_ids": [],
                "protocol": "tcp",
                "security_groups": [],
                "self": false,
                "to_port": 443
              }
            ],
            "name": "wordpress_security",
            "name_prefix": null,
            "owner_id": "229854522243",
            "revoke_rules_on_delete": false,
            "tags": {
              "Name": "wordpress"
            },
            "timeouts": null,
            "vpc_id": "vpc-0b6ad4a0e0e0a1d17"
          },
          "private": "eyJlMmJmYjczMC1lY2FhLTExZTYtOGY4OC0zNDM2M2JjN2M0YzAiOnsiY3JlYXRlIjo2MDAwMDAwMDAwMDAsImRlbGV0ZSI6NjAwMDAwMDAwMDAwfSwic2NoZW1hX3ZlcnNpb24iOiIxIn0=",
          "dependencies": [
            "aws_vpc.myvpc"
          ]
        }
      ]
    },
    {
      "mode": "managed",
      "type": "aws_subnet",
      "name": "alphanet",
      "provider": "provider.aws",
      "instances": [
        {
          "schema_version": 1,
          "attributes": {
            "arn": "arn:aws:ec2:ap-south-1:229854522243:subnet/subnet-0455762146b7f045d",
            "assign_ipv6_address_on_creation": false,
            "availability_zone": "ap-south-1a",
            "availability_zone_id": "aps1-az1",
            "cidr_block": "10.0.1.0/24",
            "id": "subnet-0455762146b7f045d",
            "ipv6_cidr_block": "",
            "ipv6_cidr_block_association_id": "",
            "map_public_ip_on_launch": true,
            "outpost_arn": "",
            "owner_id": "229854522243",
            "tags": {
              "Name": "main-1a"
            },
            "timeouts": null,
            "vpc_id": "vpc-0b6ad4a0e0e0a1d17"
          },
          "private": "eyJlMmJmYjczMC1lY2FhLTExZTYtOGY4OC0zNDM2M2JjN2M0YzAiOnsiY3JlYXRlIjo2MDAwMDAwMDAwMDAsImRlbGV0ZSI6MTIwMDAwMDAwMDAwMH0sInNjaGVtYV92ZXJzaW9uIjoiMSJ9",
          "dependencies": [
            "aws_vpc.myvpc"
          ]
        }
      ]
    },
    {
      "mode": "managed",
      "type": "aws_vpc",
      "name": "myvpc",
      "provider": "provider.aws",
      "instances": [
        {
          "schema_version": 1,
          "attributes": {
            "arn": "arn:aws:ec2:ap-south-1:229854522243:vpc/vpc-0b6ad4a0e0e0a1d17",
            "assign_generated_ipv6_cidr_block": false,
            "cidr_block": "10.0.0.0/16",
            "default_network_acl_id": "acl-0d8983a5858c2d2ff",
            "default_route_table_id": "rtb-0f50959136fad8bf3",
            "default_security_group_id": "sg-05beca9ec28ebd31e",
            "dhcp_options_id": "dopt-bfe01ad4",
            "enable_classiclink": null,
            "enable_classiclink_dns_support": null,
            "enable_dns_hostnames": true,
            "enable_dns_support": true,
            "id": "vpc-0b6ad4a0e0e0a1d17",
            "instance_tenancy": "default",
            "ipv6_association_id": "",
            "ipv6_cidr_block": "",
            "main_route_table_id": "rtb-0f50959136fad8bf3",
            "owner_id": "229854522243",
            "tags": {
              "Name": "vpc1"
            }
          },
          "private": "eyJzY2hlbWFfdmVyc2lvbiI6IjEifQ=="
        }
      ]
    },
    {
      "mode": "managed",
      "type": "local_file",
      "name": "my_privatekey",
      "provider": "provider.local",
      "instances": [
        {
          "schema_version": 0,
          "attributes": {
            "content": "-----BEGIN RSA PRIVATE KEY-----\nMIIEpAIBAAKCAQEAtkDROWKRL+wuxyCA1aywdsM+Y49QTaOuaVuQ8eGzX4Gp0RC+\nhjjxAmhkgK25xk0dtppTfrBQQPMOGtPC/Hoingz9oLrYnnzlcNGK10DD3eK5LGVA\n3K2yKY4Pye2Onjog7dZ3K+lq9OweXGNORGpw/W0mg3hNOuwKtEZpRZ1EdHD5Svyz\n0ebCkPJglDCYVUlX8hEBRWeewWzHG9J1PDR9raH/ZBKdn4tVBQersBe0KqcrjOt6\nMel2F525SzrsCZjzZrvOLKky81DLp75uqozPGW8nc+ZXTMhECKfxjLngkKfHv2x2\nEBcqd5xoErxnNi64KW3RrSHaatm6bIsQX2FT7QIDAQABAoIBAQCpeZCVOjEkTQ4a\noQDssU7OwTPsxMG50LFIy5r3Mhfogdx1yopAqgaDZKvAdMvBuMgem1d1AWM/YkUF\ncVFqEfDK4+2dXuI8TovU4yWmkFUSqdfjjqxICUUZGz9XWI48WHVydPIQZVfONRru\ncnG/cPNs1ejwbBf06LXzeV4/G8UiOLB9x+V6vUjd1xlNaW0puRK1/wbNj/lKLrJR\nuX7zQUBquX5PJNgARW2eIBk7npqlRh8rjVLt8ngptwdBREbRFfmlaSGRNlgPwuZV\nfovtKdM0IHlxXNuIb4+7ykF9MtAU0WkIDPRIZs+8ftwR0qsMqPk6VdKDvu6erEji\nvs70tNJJAoGBAOuN4ZOCBhBjyBdEkOZ9l5+lyz5pWL1L/AwG0IiC9KvAcXJpAYS7\n2VlJMeXSrDE8LAKQ8NwnDMRN6qj+GTGYw4X+sa9BsBZ8fuCBhO5lSA2oUBZGXkoe\nPJkI2/tjODO6z5LqPEFpd5govnmCn0DHl/0bvBiuf5qOCGvneMX7ptL7AoGBAMYS\nkE3YWOwQ4tgdzN3lE6MDO0f+nkxGHXqZbFnnzP/BpTm2Ivh9JDFezqSN70lqd1gP\nEscg5KZx93sZWw8uJfGQQQDSjxRsbGMJPGkPA1/IqmXy8EjGsN5pCHjBmtLadYYX\n+tAsJqyh9oU/hjTTkuq54rMMWwu5livAF8C1fgA3AoGBANnH47ctj823c1eP3Sg9\nFeJUtwSNAa6CghXcdxC/gtcIpdrRmsXNp7YVJj0F+o3KxCXbO9VPhU45e6uiwkhI\npP1N7ZnLcbJYiDWpie2fVm7KHsF5bdO5AO28cyaJJX0uSpvaVLtld10GzpQpYHPU\nFYG+Ern/G5sZlk+tQsxJToPhAoGAbSW5o0v+5EcB2fnB9NzRD1kuh6PFc16HzBFT\nZc+YZa897ylw5+F92j7WPFOCcsBad4oG3PhBR38x0wHL7feOLSlCyMM+2RBOQdzL\nD1GYmGWpkHho9JGY0Vartm9pc5uye2wnaCOMREET6aVxvRaBtRst02CRo0pneEBo\nVmcswc0CgYB0ZvagnIgK24viige8KzMo4RMTeuek9Sl5hTJtKfhTuc4QVuWLMGFl\ny6q14gS6rMtHtPmGSdI8vdPUSqEF97VRdKPyRhlN+gRthhRkp9GSQEZ4g/wgE9l0\ncIbvNa59yfd3j5e+oQ5OL3oZa58wkVD5cbsDM+RwpFSrbkJ8hgdXgw==\n-----END RSA PRIVATE KEY-----\n",
            "content_base64": null,
            "directory_permission": "0777",
            "file_permission": "400",
            "filename": "task3key",
            "id": "fe06acb4899029aa4be8764767298d99b00fa1f1",
            "sensitive_content": null
          },
          "private": "bnVsbA==",
          "dependencies": [
            "tls_private_key.my_key"
          ]
        }
      ]
    },
    {
      "mode": "managed",
      "type": "tls_private_key",
      "name": "my_key",
      "provider": "provider.tls",
      "instances": [
        {
          "schema_version": 0,
          "attributes": {
            "algorithm": "RSA",
            "ecdsa_curve": "P224",
            "id": "6d3ed5d877175802379a1ed60c740beefa4c1283",
            "private_key_pem": "-----BEGIN RSA PRIVATE KEY-----\nMIIEpAIBAAKCAQEAtkDROWKRL+wuxyCA1aywdsM+Y49QTaOuaVuQ8eGzX4Gp0RC+\nhjjxAmhkgK25xk0dtppTfrBQQPMOGtPC/Hoingz9oLrYnnzlcNGK10DD3eK5LGVA\n3K2yKY4Pye2Onjog7dZ3K+lq9OweXGNORGpw/W0mg3hNOuwKtEZpRZ1EdHD5Svyz\n0ebCkPJglDCYVUlX8hEBRWeewWzHG9J1PDR9raH/ZBKdn4tVBQersBe0KqcrjOt6\nMel2F525SzrsCZjzZrvOLKky81DLp75uqozPGW8nc+ZXTMhECKfxjLngkKfHv2x2\nEBcqd5xoErxnNi64KW3RrSHaatm6bIsQX2FT7QIDAQABAoIBAQCpeZCVOjEkTQ4a\noQDssU7OwTPsxMG50LFIy5r3Mhfogdx1yopAqgaDZKvAdMvBuMgem1d1AWM/YkUF\ncVFqEfDK4+2dXuI8TovU4yWmkFUSqdfjjqxICUUZGz9XWI48WHVydPIQZVfONRru\ncnG/cPNs1ejwbBf06LXzeV4/G8UiOLB9x+V6vUjd1xlNaW0puRK1/wbNj/lKLrJR\nuX7zQUBquX5PJNgARW2eIBk7npqlRh8rjVLt8ngptwdBREbRFfmlaSGRNlgPwuZV\nfovtKdM0IHlxXNuIb4+7ykF9MtAU0WkIDPRIZs+8ftwR0qsMqPk6VdKDvu6erEji\nvs70tNJJAoGBAOuN4ZOCBhBjyBdEkOZ9l5+lyz5pWL1L/AwG0IiC9KvAcXJpAYS7\n2VlJMeXSrDE8LAKQ8NwnDMRN6qj+GTGYw4X+sa9BsBZ8fuCBhO5lSA2oUBZGXkoe\nPJkI2/tjODO6z5LqPEFpd5govnmCn0DHl/0bvBiuf5qOCGvneMX7ptL7AoGBAMYS\nkE3YWOwQ4tgdzN3lE6MDO0f+nkxGHXqZbFnnzP/BpTm2Ivh9JDFezqSN70lqd1gP\nEscg5KZx93sZWw8uJfGQQQDSjxRsbGMJPGkPA1/IqmXy8EjGsN5pCHjBmtLadYYX\n+tAsJqyh9oU/hjTTkuq54rMMWwu5livAF8C1fgA3AoGBANnH47ctj823c1eP3Sg9\nFeJUtwSNAa6CghXcdxC/gtcIpdrRmsXNp7YVJj0F+o3KxCXbO9VPhU45e6uiwkhI\npP1N7ZnLcbJYiDWpie2fVm7KHsF5bdO5AO28cyaJJX0uSpvaVLtld10GzpQpYHPU\nFYG+Ern/G5sZlk+tQsxJToPhAoGAbSW5o0v+5EcB2fnB9NzRD1kuh6PFc16HzBFT\nZc+YZa897ylw5+F92j7WPFOCcsBad4oG3PhBR38x0wHL7feOLSlCyMM+2RBOQdzL\nD1GYmGWpkHho9JGY0Vartm9pc5uye2wnaCOMREET6aVxvRaBtRst02CRo0pneEBo\nVmcswc0CgYB0ZvagnIgK24viige8KzMo4RMTeuek9Sl5hTJtKfhTuc4QVuWLMGFl\ny6q14gS6rMtHtPmGSdI8vdPUSqEF97VRdKPyRhlN+gRthhRkp9GSQEZ4g/wgE9l0\ncIbvNa59yfd3j5e+oQ5OL3oZa58wkVD5cbsDM+RwpFSrbkJ8hgdXgw==\n-----END RSA PRIVATE KEY-----\n",
            "public_key_fingerprint_md5": "7a:e1:e2:1d:fd:e8:46:cd:ab:1b:19:ba:52:30:61:d4",
            "public_key_openssh": "ssh-rsa AAAAB3NzaC1yc2EAAAADAQABAAABAQC2QNE5YpEv7C7HIIDVrLB2wz5jj1BNo65pW5Dx4bNfganREL6GOPECaGSArbnGTR22mlN+sFBA8w4a08L8eiKeDP2gutiefOVw0YrXQMPd4rksZUDcrbIpjg/J7Y6eOiDt1ncr6Wr07B5cY05EanD9bSaDeE067Aq0RmlFnUR0cPlK/LPR5sKQ8mCUMJhVSVfyEQFFZ57BbMcb0nU8NH2tof9kEp2fi1UFB6uwF7QqpyuM63ox6XYXnblLOuwJmPNmu84sqTLzUMunvm6qjM8Zbydz5ldMyEQIp/GMueCQp8e/bHYQFyp3nGgSvGc2LrgpbdGtIdpq2bpsixBfYVPt\n",
            "public_key_pem": "-----BEGIN PUBLIC KEY-----\nMIIBIjANBgkqhkiG9w0BAQEFAAOCAQ8AMIIBCgKCAQEAtkDROWKRL+wuxyCA1ayw\ndsM+Y49QTaOuaVuQ8eGzX4Gp0RC+hjjxAmhkgK25xk0dtppTfrBQQPMOGtPC/Hoi\nngz9oLrYnnzlcNGK10DD3eK5LGVA3K2yKY4Pye2Onjog7dZ3K+lq9OweXGNORGpw\n/W0mg3hNOuwKtEZpRZ1EdHD5Svyz0ebCkPJglDCYVUlX8hEBRWeewWzHG9J1PDR9\nraH/ZBKdn4tVBQersBe0KqcrjOt6Mel2F525SzrsCZjzZrvOLKky81DLp75uqozP\nGW8nc+ZXTMhECKfxjLngkKfHv2x2EBcqd5xoErxnNi64KW3RrSHaatm6bIsQX2FT\n7QIDAQAB\n-----END PUBLIC KEY-----\n",
            "rsa_bits": 2048
          },
          "private": "bnVsbA=="
        }
      ]
    }
  ]
}
